<?xml version="1.0" encoding="utf-8"?>
<Project ToolsVersion="4.0" xmlns="http://schemas.microsoft.com/developer/msbuild/2003">
  <ItemGroup>
    <Filter Include="Classes">
      <UniqueIdentifier>{2a8a0aed-9f5c-47c3-b6a0-1939a9fd39b8}</UniqueIdentifier>
    </Filter>
    <Filter Include="资源文件">
      <UniqueIdentifier>{67DA6AB6-F800-4c08-8B7A-83BB121AAD01}</UniqueIdentifier>
      <Extensions>rc;ico;cur;bmp;dlg;rc2;rct;bin;rgs;gif;jpg;jpeg;jpe;resx;tiff;tif;png;wav;mfcribbon-ms</Extensions>
    </Filter>
  </ItemGroup>
  <ItemGroup>
    <ClCompile Include="main.cpp" />
    <ClCompile Include="QGAlgorithm.cpp">
      <Filter>Classes</Filter>
    </ClCompile>
    <ClCompile Include="CheckTool.cpp">
      <Filter>Classes</Filter>
    </ClCompile>
  </ItemGroup>
  <ItemGroup>
    <ClInclude Include="QGAlgorithm.h">
      <Filter>Classes</Filter>
    </ClInclude>
    <ClInclude Include="CheckTool.h">
      <Filter>Classes</Filter>
    </ClInclude>
  </ItemGroup>
</Project>